
Microsoft Visual Studio Solution File, Format Version 12.00
# Visual Studio Version 17
VisualStudioVersion = 17.2.32602.215
MinimumVisualStudioVersion = 10.0.40219.1
Project("{FAE04EC0-301F-11D3-BF4B-00C04F79EFBC}") = "MyApp.UWP", "MyApp.UWP\MyApp.UWP.csproj", "{1BE19C19-A269-4A47-8484-6125C97BAAB0}"
EndProject
Project("{FAE04EC0-301F-11D3-BF4B-00C04F79EFBC}") = "MyApp.Android", "MyApp.Android\MyApp.Android.csproj", "{80CBD582-67BF-4779-AD1A-870F703E750E}"
EndProject
Project("{FAE04EC0-301F-11D3-BF4B-00C04F79EFBC}") = "MyApp.iOS", "MyApp.iOS\MyApp.iOS.csproj", "{1F9E70C4-FF49-4FF8-9EB0-3CA2FAECA4B1}"
EndProject
Project("{FAE04EC0-301F-11D3-BF4B-00C04F79EFBC}") = "MyApp", "MyApp\MyApp.csproj", "{F5C3613E-B5D2-43C8-96D1-7F75280FDC86}"
EndProject
Global
	GlobalSection(SolutionConfigurationPlatforms) = preSolution
		Debug|Any CPU = Debug|Any CPU
		Debug|ARM = Debug|ARM
		Debug|iPhone = Debug|iPhone
		Debug|iPhoneSimulator = Debug|iPhoneSimulator
		Debug|x64 = Debug|x64
		Debug|x86 = Debug|x86
		Release|Any CPU = Release|Any CPU
		Release|ARM = Release|ARM
		Release|iPhone = Release|iPhone
		Release|iPhoneSimulator = Release|iPhoneSimulator
		Release|x64 = Release|x64
		Release|x86 = Release|x86
	EndGlobalSection
	GlobalSection(ProjectConfigurationPlatforms) = postSolution
		{1BE19C19-A269-4A47-8484-6125C97BAAB0}.Debug|Any CPU.ActiveCfg = Debug|x64
		{1BE19C19-A269-4A47-8484-6125C97BAAB0}.Debug|Any CPU.Build.0 = Debug|x64
		{1BE19C19-A269-4A47-8484-6125C97BAAB0}.Debug|Any CPU.Deploy.0 = Debug|x64
		{1BE19C19-A269-4A47-8484-6125C97BAAB0}.Debug|ARM.ActiveCfg = Debug|ARM
		{1BE19C19-A269-4A47-8484-6125C97BAAB0}.Debug|ARM.Build.0 = Debug|ARM
		{1BE19C19-A269-4A47-8484-6125C97BAAB0}.Debug|ARM.Deploy.0 = Debug|ARM
		{1BE19C19-A269-4A47-8484-6125C97BAAB0}.Debug|iPhone.ActiveCfg = Debug|x64
		{1BE19C19-A269-4A47-8484-6125C97BAAB0}.Debug|iPhone.Build.0 = Debug|x64
		{1BE19C19-A269-4A47-8484-6125C97BAAB0}.Debug|iPhone.Deploy.0 = Debug|x64
		{1BE19C19-A269-4A47-8484-6125C97BAAB0}.Debug|iPhoneSimulator.ActiveCfg = Debug|x64
		{1BE19C19-A269-4A47-8484-6125C97BAAB0}.Debug|iPhoneSimulator.Build.0 = Debug|x64
		{1BE19C19-A269-4A47-8484-6125C97BAAB0}.Debug|iPhoneSimulator.Deploy.0 = Debug|x64
		{1BE19C19-A269-4A47-8484-6125C97BAAB0}.Debug|x64.ActiveCfg = Debug|x64
		{1BE19C19-A269-4A47-8484-6125C97BAAB0}.Debug|x64.Build.0 = Debug|x64
		{1BE19C19-A269-4A47-8484-6125C97BAAB0}.Debug|x64.Deploy.0 = Debug|x64
		{1BE19C19-A269-4A47-8484-6125C97BAAB0}.Debug|x86.ActiveCfg = Debug|x86
		{1BE19C19-A269-4A47-8484-6125C97BAAB0}.Debug|x86.Build.0 = Debug|x86
		{1BE19C19-A269-4A47-8484-6125C97BAAB0}.Debug|x86.Deploy.0 = Debug|x86
		{1BE19C19-A269-4A47-8484-6125C97BAAB0}.Release|Any CPU.ActiveCfg = Release|x64
		{1BE19C19-A269-4A47-8484-6125C97BAAB0}.Release|Any CPU.Build.0 = Release|x64
		{1BE19C19-A269-4A47-8484-6125C97BAAB0}.Release|Any CPU.Deploy.0 = Release|x64
		{1BE19C19-A269-4A47-8484-6125C97BAAB0}.Release|ARM.ActiveCfg = Release|ARM
		{1BE19C19-A269-4A47-8484-6125C97BAAB0}.Release|ARM.Build.0 = Release|ARM
		{1BE19C19-A269-4A47-8484-6125C97BAAB0}.Release|ARM.Deploy.0 = Release|ARM
		{1BE19C19-A269-4A47-8484-6125C97BAAB0}.Release|iPhone.ActiveCfg = Release|x64
		{1BE19C19-A269-4A47-8484-6125C97BAAB0}.Release|iPhone.Build.0 = Release|x64
		{1BE19C19-A269-4A47-8484-6125C97BAAB0}.Release|iPhone.Deploy.0 = Release|x64
		{1BE19C19-A269-4A47-8484-6125C97BAAB0}.Release|iPhoneSimulator.ActiveCfg = Release|x64
		{1BE19C19-A269-4A47-8484-6125C97BAAB0}.Release|iPhoneSimulator.Build.0 = Release|x64
		{1BE19C19-A269-4A47-8484-6125C97BAAB0}.Release|iPhoneSimulator.Deploy.0 = Release|x64
		{1BE19C19-A269-4A47-8484-6125C97BAAB0}.Release|x64.ActiveCfg = Release|x64
		{1BE19C19-A269-4A47-8484-6125C97BAAB0}.Release|x64.Build.0 = Release|x64
		{1BE19C19-A269-4A47-8484-6125C97BAAB0}.Release|x64.Deploy.0 = Release|x64
		{1BE19C19-A269-4A47-8484-6125C97BAAB0}.Release|x86.ActiveCfg = Release|x86
		{1BE19C19-A269-4A47-8484-6125C97BAAB0}.Release|x86.Build.0 = Release|x86
		{1BE19C19-A269-4A47-8484-6125C97BAAB0}.Release|x86.Deploy.0 = Release|x86
		{80CBD582-67BF-4779-AD1A-870F703E750E}.Debug|Any CPU.ActiveCfg = Debug|Any CPU
		{80CBD582-67BF-4779-AD1A-870F703E750E}.Debug|Any CPU.Build.0 = Debug|Any CPU
		{80CBD582-67BF-4779-AD1A-870F703E750E}.Debug|Any CPU.Deploy.0 = Debug|Any CPU
		{80CBD582-67BF-4779-AD1A-870F703E750E}.Debug|ARM.ActiveCfg = Debug|Any CPU
		{80CBD582-67BF-4779-AD1A-870F703E750E}.Debug|ARM.Build.0 = Debug|Any CPU
		{80CBD582-67BF-4779-AD1A-870F703E750E}.Debug|ARM.Deploy.0 = Debug|Any CPU
		{80CBD582-67BF-4779-AD1A-870F703E750E}.Debug|iPhone.ActiveCfg = Debug|Any CPU
		{80CBD582-67BF-4779-AD1A-870F703E750E}.Debug|iPhone.Build.0 = Debug|Any CPU
		{80CBD582-67BF-4779-AD1A-870F703E750E}.Debug|iPhone.Deploy.0 = Debug|Any CPU
		{80CBD582-67BF-4779-AD1A-870F703E750E}.Debug|iPhoneSimulator.ActiveCfg = Debug|Any CPU
		{80CBD582-67BF-4779-AD1A-870F703E750E}.Debug|iPhoneSimulator.Build.0 = Debug|Any CPU
		{80CBD582-67BF-4779-AD1A-870F703E750E}.Debug|iPhoneSimulator.Deploy.0 = Debug|Any CPU
		{80CBD582-67BF-4779-AD1A-870F703E750E}.Debug|x64.ActiveCfg = Debug|Any CPU
		{80CBD582-67BF-4779-AD1A-870F703E750E}.Debug|x64.Build.0 = Debug|Any CPU
		{80CBD582-67BF-4779-AD1A-870F703E750E}.Debug|x64.Deploy.0 = Debug|Any CPU
		{80CBD582-67BF-4779-AD1A-870F703E750E}.Debug|x86.ActiveCfg = Debug|Any CPU
		{80CBD582-67BF-4779-AD1A-870F703E750E}.Debug|x86.Build.0 = Debug|Any CPU
		{80CBD582-67BF-4779-AD1A-870F703E750E}.Debug|x86.Deploy.0 = Debug|Any CPU
		{80CBD582-67BF-4779-AD1A-870F703E750E}.Release|Any CPU.ActiveCfg = Release|Any CPU
		{80CBD582-67BF-4779-AD1A-870F703E750E}.Release|Any CPU.Build.0 = Release|Any CPU
		{80CBD582-67BF-4779-AD1A-870F703E750E}.Release|Any CPU.Deploy.0 = Release|Any CPU
		{80CBD582-67BF-4779-AD1A-870F703E750E}.Release|ARM.ActiveCfg = Release|Any CPU
		{80CBD582-67BF-4779-AD1A-870F703E750E}.Release|ARM.Build.0 = Release|Any CPU
		{80CBD582-67BF-4779-AD1A-870F703E750E}.Release|ARM.Deploy.0 = Release|Any CPU
		{80CBD582-67BF-4779-AD1A-870F703E750E}.Release|iPhone.ActiveCfg = Release|Any CPU
		{80CBD582-67BF-4779-AD1A-870F703E750E}.Release|iPhone.Build.0 = Release|Any CPU
		{80CBD582-67BF-4779-AD1A-870F703E750E}.Release|iPhone.Deploy.0 = Release|Any CPU
		{80CBD582-67BF-4779-AD1A-870F703E750E}.Release|iPhoneSimulator.ActiveCfg = Release|Any CPU
		{80CBD582-67BF-4779-AD1A-870F703E750E}.Release|iPhoneSimulator.Build.0 = Release|Any CPU
		{80CBD582-67BF-4779-AD1A-870F703E750E}.Release|iPhoneSimulator.Deploy.0 = Release|Any CPU
		{80CBD582-67BF-4779-AD1A-870F703E750E}.Release|x64.ActiveCfg = Release|Any CPU
		{80CBD582-67BF-4779-AD1A-870F703E750E}.Release|x64.Build.0 = Release|Any CPU
		{80CBD582-67BF-4779-AD1A-870F703E750E}.Release|x64.Deploy.0 = Release|Any CPU
		{80CBD582-67BF-4779-AD1A-870F703E750E}.Release|x86.ActiveCfg = Release|Any CPU
		{80CBD582-67BF-4779-AD1A-870F703E750E}.Release|x86.Build.0 = Release|Any CPU
		{80CBD582-67BF-4779-AD1A-870F703E750E}.Release|x86.Deploy.0 = Release|Any CPU
		{1F9E70C4-FF49-4FF8-9EB0-3CA2FAECA4B1}.Debug|Any CPU.ActiveCfg = Debug|iPhoneSimulator
		{1F9E70C4-FF49-4FF8-9EB0-3CA2FAECA4B1}.Debug|Any CPU.Build.0 = Debug|iPhoneSimulator
		{1F9E70C4-FF49-4FF8-9EB0-3CA2FAECA4B1}.Debug|Any CPU.Deploy.0 = Debug|iPhoneSimulator
		{1F9E70C4-FF49-4FF8-9EB0-3CA2FAECA4B1}.Debug|ARM.ActiveCfg = Debug|iPhoneSimulator
		{1F9E70C4-FF49-4FF8-9EB0-3CA2FAECA4B1}.Debug|ARM.Build.0 = Debug|iPhoneSimulator
		{1F9E70C4-FF49-4FF8-9EB0-3CA2FAECA4B1}.Debug|ARM.Deploy.0 = Debug|iPhoneSimulator
		{1F9E70C4-FF49-4FF8-9EB0-3CA2FAECA4B1}.Debug|iPhone.ActiveCfg = Debug|iPhone
		{1F9E70C4-FF49-4FF8-9EB0-3CA2FAECA4B1}.Debug|iPhone.Build.0 = Debug|iPhone
		{1F9E70C4-FF49-4FF8-9EB0-3CA2FAECA4B1}.Debug|iPhone.Deploy.0 = Debug|iPhone
		{1F9E70C4-FF49-4FF8-9EB0-3CA2FAECA4B1}.Debug|iPhoneSimulator.ActiveCfg = Debug|iPhoneSimulator
		{1F9E70C4-FF49-4FF8-9EB0-3CA2FAECA4B1}.Debug|iPhoneSimulator.Build.0 = Debug|iPhoneSimulator
		{1F9E70C4-FF49-4FF8-9EB0-3CA2FAECA4B1}.Debug|iPhoneSimulator.Deploy.0 = Debug|iPhoneSimulator
		{1F9E70C4-FF49-4FF8-9EB0-3CA2FAECA4B1}.Debug|x64.ActiveCfg = Debug|iPhone
		{1F9E70C4-FF49-4FF8-9EB0-3CA2FAECA4B1}.Debug|x64.Build.0 = Debug|iPhone
		{1F9E70C4-FF49-4FF8-9EB0-3CA2FAECA4B1}.Debug|x64.Deploy.0 = Debug|iPhone
		{1F9E70C4-FF49-4FF8-9EB0-3CA2FAECA4B1}.Debug|x86.ActiveCfg = Debug|iPhoneSimulator
		{1F9E70C4-FF49-4FF8-9EB0-3CA2FAECA4B1}.Debug|x86.Build.0 = Debug|iPhoneSimulator
		{1F9E70C4-FF49-4FF8-9EB0-3CA2FAECA4B1}.Debug|x86.Deploy.0 = Debug|iPhoneSimulator
		{1F9E70C4-FF49-4FF8-9EB0-3CA2FAECA4B1}.Release|Any CPU.ActiveCfg = Release|iPhoneSimulator
		{1F9E70C4-FF49-4FF8-9EB0-3CA2FAECA4B1}.Release|Any CPU.Build.0 = Release|iPhoneSimulator
		{1F9E70C4-FF49-4FF8-9EB0-3CA2FAECA4B1}.Release|Any CPU.Deploy.0 = Release|iPhoneSimulator
		{1F9E70C4-FF49-4FF8-9EB0-3CA2FAECA4B1}.Release|ARM.ActiveCfg = Release|iPhoneSimulator
		{1F9E70C4-FF49-4FF8-9EB0-3CA2FAECA4B1}.Release|ARM.Build.0 = Release|iPhoneSimulator
		{1F9E70C4-FF49-4FF8-9EB0-3CA2FAECA4B1}.Release|ARM.Deploy.0 = Release|iPhoneSimulator
		{1F9E70C4-FF49-4FF8-9EB0-3CA2FAECA4B1}.Release|iPhone.ActiveCfg = Release|iPhone
		{1F9E70C4-FF49-4FF8-9EB0-3CA2FAECA4B1}.Release|iPhone.Build.0 = Release|iPhone
		{1F9E70C4-FF49-4FF8-9EB0-3CA2FAECA4B1}.Release|iPhone.Deploy.0 = Release|iPhone
		{1F9E70C4-FF49-4FF8-9EB0-3CA2FAECA4B1}.Release|iPhoneSimulator.ActiveCfg = Release|iPhoneSimulator
		{1F9E70C4-FF49-4FF8-9EB0-3CA2FAECA4B1}.Release|iPhoneSimulator.Build.0 = Release|iPhoneSimulator
		{1F9E70C4-FF49-4FF8-9EB0-3CA2FAECA4B1}.Release|iPhoneSimulator.Deploy.0 = Release|iPhoneSimulator
		{1F9E70C4-FF49-4FF8-9EB0-3CA2FAECA4B1}.Release|x64.ActiveCfg = Release|iPhoneSimulator
		{1F9E70C4-FF49-4FF8-9EB0-3CA2FAECA4B1}.Release|x64.Build.0 = Release|iPhoneSimulator
		{1F9E70C4-FF49-4FF8-9EB0-3CA2FAECA4B1}.Release|x64.Deploy.0 = Release|iPhoneSimulator
		{1F9E70C4-FF49-4FF8-9EB0-3CA2FAECA4B1}.Release|x86.ActiveCfg = Release|iPhoneSimulator
		{1F9E70C4-FF49-4FF8-9EB0-3CA2FAECA4B1}.Release|x86.Build.0 = Release|iPhoneSimulator
		{1F9E70C4-FF49-4FF8-9EB0-3CA2FAECA4B1}.Release|x86.Deploy.0 = Release|iPhoneSimulator
		{F5C3613E-B5D2-43C8-96D1-7F75280FDC86}.Debug|Any CPU.ActiveCfg = Debug|Any CPU
		{F5C3613E-B5D2-43C8-96D1-7F75280FDC86}.Debug|Any CPU.Build.0 = Debug|Any CPU
		{F5C3613E-B5D2-43C8-96D1-7F75280FDC86}.Debug|Any CPU.Deploy.0 = Debug|Any CPU
		{F5C3613E-B5D2-43C8-96D1-7F75280FDC86}.Debug|ARM.ActiveCfg = Debug|Any CPU
		{F5C3613E-B5D2-43C8-96D1-7F75280FDC86}.Debug|ARM.Build.0 = Debug|Any CPU
		{F5C3613E-B5D2-43C8-96D1-7F75280FDC86}.Debug|ARM.Deploy.0 = Debug|Any CPU
		{F5C3613E-B5D2-43C8-96D1-7F75280FDC86}.Debug|iPhone.ActiveCfg = Debug|Any CPU
		{F5C3613E-B5D2-43C8-96D1-7F75280FDC86}.Debug|iPhone.Build.0 = Debug|Any CPU
		{F5C3613E-B5D2-43C8-96D1-7F75280FDC86}.Debug|iPhone.Deploy.0 = Debug|Any CPU
		{F5C3613E-B5D2-43C8-96D1-7F75280FDC86}.Debug|iPhoneSimulator.ActiveCfg = Debug|Any CPU
		{F5C3613E-B5D2-43C8-96D1-7F75280FDC86}.Debug|iPhoneSimulator.Build.0 = Debug|Any CPU
		{F5C3613E-B5D2-43C8-96D1-7F75280FDC86}.Debug|iPhoneSimulator.Deploy.0 = Debug|Any CPU
		{F5C3613E-B5D2-43C8-96D1-7F75280FDC86}.Debug|x64.ActiveCfg = Debug|Any CPU
		{F5C3613E-B5D2-43C8-96D1-7F75280FDC86}.Debug|x64.Build.0 = Debug|Any CPU
		{F5C3613E-B5D2-43C8-96D1-7F75280FDC86}.Debug|x64.Deploy.0 = Debug|Any CPU
		{F5C3613E-B5D2-43C8-96D1-7F75280FDC86}.Debug|x86.ActiveCfg = Debug|Any CPU
		{F5C3613E-B5D2-43C8-96D1-7F75280FDC86}.Debug|x86.Build.0 = Debug|Any CPU
		{F5C3613E-B5D2-43C8-96D1-7F75280FDC86}.Debug|x86.Deploy.0 = Debug|Any CPU
		{F5C3613E-B5D2-43C8-96D1-7F75280FDC86}.Release|Any CPU.ActiveCfg = Release|Any CPU
		{F5C3613E-B5D2-43C8-96D1-7F75280FDC86}.Release|Any CPU.Build.0 = Release|Any CPU
		{F5C3613E-B5D2-43C8-96D1-7F75280FDC86}.Release|Any CPU.Deploy.0 = Release|Any CPU
		{F5C3613E-B5D2-43C8-96D1-7F75280FDC86}.Release|ARM.ActiveCfg = Release|Any CPU
		{F5C3613E-B5D2-43C8-96D1-7F75280FDC86}.Release|ARM.Build.0 = Release|Any CPU
		{F5C3613E-B5D2-43C8-96D1-7F75280FDC86}.Release|ARM.Deploy.0 = Release|Any CPU
		{F5C3613E-B5D2-43C8-96D1-7F75280FDC86}.Release|iPhone.ActiveCfg = Release|Any CPU
		{F5C3613E-B5D2-43C8-96D1-7F75280FDC86}.Release|iPhone.Build.0 = Release|Any CPU
		{F5C3613E-B5D2-43C8-96D1-7F75280FDC86}.Release|iPhone.Deploy.0 = Release|Any CPU
		{F5C3613E-B5D2-43C8-96D1-7F75280FDC86}.Release|iPhoneSimulator.ActiveCfg = Release|Any CPU
		{F5C3613E-B5D2-43C8-96D1-7F75280FDC86}.Release|iPhoneSimulator.Build.0 = Release|Any CPU
		{F5C3613E-B5D2-43C8-96D1-7F75280FDC86}.Release|iPhoneSimulator.Deploy.0 = Release|Any CPU
		{F5C3613E-B5D2-43C8-96D1-7F75280FDC86}.Release|x64.ActiveCfg = Release|Any CPU
		{F5C3613E-B5D2-43C8-96D1-7F75280FDC86}.Release|x64.Build.0 = Release|Any CPU
		{F5C3613E-B5D2-43C8-96D1-7F75280FDC86}.Release|x64.Deploy.0 = Release|Any CPU
		{F5C3613E-B5D2-43C8-96D1-7F75280FDC86}.Release|x86.ActiveCfg = Release|Any CPU
		{F5C3613E-B5D2-43C8-96D1-7F75280FDC86}.Release|x86.Build.0 = Release|Any CPU
		{F5C3613E-B5D2-43C8-96D1-7F75280FDC86}.Release|x86.Deploy.0 = Release|Any CPU
	EndGlobalSection
	GlobalSection(SolutionProperties) = preSolution
		HideSolutionNode = FALSE
	EndGlobalSection
	GlobalSection(ExtensibilityGlobals) = postSolution
		SolutionGuid = {56CB4129-BE11-4E09-B2C4-1D294BF18333}
	EndGlobalSection
EndGlobal
