
Microsoft Visual Studio Solution File, Format Version 12.00
# Visual Studio Version 17
VisualStudioVersion = 17.2.32602.215
MinimumVisualStudioVersion = 10.0.40219.1
Project("{FAE04EC0-301F-11D3-BF4B-00C04F79EFBC}") = "CaesarCypher.UWP", "CaesarCypher.UWP\CaesarCypher.UWP.csproj", "{6C9F8A43-9CA2-40F5-888D-257C8FFADC5D}"
EndProject
Project("{FAE04EC0-301F-11D3-BF4B-00C04F79EFBC}") = "CaesarCypher.Android", "CaesarCypher.Android\CaesarCypher.Android.csproj", "{A9402D17-1A85-4DB0-8388-3647F94317AC}"
EndProject
Project("{FAE04EC0-301F-11D3-BF4B-00C04F79EFBC}") = "CaesarCypher.iOS", "CaesarCypher.iOS\CaesarCypher.iOS.csproj", "{AA72EB5A-8AD7-4309-8977-C3FD3B1D179B}"
EndProject
Project("{9A19103F-16F7-4668-BE54-9A1E7A4F7556}") = "CaesarCypher", "CaesarCypher\CaesarCypher.csproj", "{B6108FE8-DF3C-4C5D-BAD2-707119EE37BC}"
EndProject
Project("{2150E333-8FDC-42A3-9474-1A3956D46DE8}") = "Элементы решения", "Элементы решения", "{50974D2E-539F-48D3-8927-DF747907502A}"
	ProjectSection(SolutionItems) = preProject
		CaesarCypher\CaesarCipher.cs = CaesarCypher\CaesarCipher.cs
	EndProjectSection
EndProject
Global
	GlobalSection(SolutionConfigurationPlatforms) = preSolution
		Debug|Any CPU = Debug|Any CPU
		Debug|ARM = Debug|ARM
		Debug|iPhone = Debug|iPhone
		Debug|iPhoneSimulator = Debug|iPhoneSimulator
		Debug|x64 = Debug|x64
		Debug|x86 = Debug|x86
		Release|Any CPU = Release|Any CPU
		Release|ARM = Release|ARM
		Release|iPhone = Release|iPhone
		Release|iPhoneSimulator = Release|iPhoneSimulator
		Release|x64 = Release|x64
		Release|x86 = Release|x86
	EndGlobalSection
	GlobalSection(ProjectConfigurationPlatforms) = postSolution
		{6C9F8A43-9CA2-40F5-888D-257C8FFADC5D}.Debug|Any CPU.ActiveCfg = Debug|x64
		{6C9F8A43-9CA2-40F5-888D-257C8FFADC5D}.Debug|Any CPU.Build.0 = Debug|x64
		{6C9F8A43-9CA2-40F5-888D-257C8FFADC5D}.Debug|Any CPU.Deploy.0 = Debug|x64
		{6C9F8A43-9CA2-40F5-888D-257C8FFADC5D}.Debug|ARM.ActiveCfg = Debug|ARM
		{6C9F8A43-9CA2-40F5-888D-257C8FFADC5D}.Debug|ARM.Build.0 = Debug|ARM
		{6C9F8A43-9CA2-40F5-888D-257C8FFADC5D}.Debug|ARM.Deploy.0 = Debug|ARM
		{6C9F8A43-9CA2-40F5-888D-257C8FFADC5D}.Debug|iPhone.ActiveCfg = Debug|x64
		{6C9F8A43-9CA2-40F5-888D-257C8FFADC5D}.Debug|iPhone.Build.0 = Debug|x64
		{6C9F8A43-9CA2-40F5-888D-257C8FFADC5D}.Debug|iPhone.Deploy.0 = Debug|x64
		{6C9F8A43-9CA2-40F5-888D-257C8FFADC5D}.Debug|iPhoneSimulator.ActiveCfg = Debug|x64
		{6C9F8A43-9CA2-40F5-888D-257C8FFADC5D}.Debug|iPhoneSimulator.Build.0 = Debug|x64
		{6C9F8A43-9CA2-40F5-888D-257C8FFADC5D}.Debug|iPhoneSimulator.Deploy.0 = Debug|x64
		{6C9F8A43-9CA2-40F5-888D-257C8FFADC5D}.Debug|x64.ActiveCfg = Debug|x64
		{6C9F8A43-9CA2-40F5-888D-257C8FFADC5D}.Debug|x64.Build.0 = Debug|x64
		{6C9F8A43-9CA2-40F5-888D-257C8FFADC5D}.Debug|x64.Deploy.0 = Debug|x64
		{6C9F8A43-9CA2-40F5-888D-257C8FFADC5D}.Debug|x86.ActiveCfg = Debug|x86
		{6C9F8A43-9CA2-40F5-888D-257C8FFADC5D}.Debug|x86.Build.0 = Debug|x86
		{6C9F8A43-9CA2-40F5-888D-257C8FFADC5D}.Debug|x86.Deploy.0 = Debug|x86
		{6C9F8A43-9CA2-40F5-888D-257C8FFADC5D}.Release|Any CPU.ActiveCfg = Release|x64
		{6C9F8A43-9CA2-40F5-888D-257C8FFADC5D}.Release|Any CPU.Build.0 = Release|x64
		{6C9F8A43-9CA2-40F5-888D-257C8FFADC5D}.Release|Any CPU.Deploy.0 = Release|x64
		{6C9F8A43-9CA2-40F5-888D-257C8FFADC5D}.Release|ARM.ActiveCfg = Release|ARM
		{6C9F8A43-9CA2-40F5-888D-257C8FFADC5D}.Release|ARM.Build.0 = Release|ARM
		{6C9F8A43-9CA2-40F5-888D-257C8FFADC5D}.Release|ARM.Deploy.0 = Release|ARM
		{6C9F8A43-9CA2-40F5-888D-257C8FFADC5D}.Release|iPhone.ActiveCfg = Release|x64
		{6C9F8A43-9CA2-40F5-888D-257C8FFADC5D}.Release|iPhone.Build.0 = Release|x64
		{6C9F8A43-9CA2-40F5-888D-257C8FFADC5D}.Release|iPhone.Deploy.0 = Release|x64
		{6C9F8A43-9CA2-40F5-888D-257C8FFADC5D}.Release|iPhoneSimulator.ActiveCfg = Release|x64
		{6C9F8A43-9CA2-40F5-888D-257C8FFADC5D}.Release|iPhoneSimulator.Build.0 = Release|x64
		{6C9F8A43-9CA2-40F5-888D-257C8FFADC5D}.Release|iPhoneSimulator.Deploy.0 = Release|x64
		{6C9F8A43-9CA2-40F5-888D-257C8FFADC5D}.Release|x64.ActiveCfg = Release|x64
		{6C9F8A43-9CA2-40F5-888D-257C8FFADC5D}.Release|x64.Build.0 = Release|x64
		{6C9F8A43-9CA2-40F5-888D-257C8FFADC5D}.Release|x64.Deploy.0 = Release|x64
		{6C9F8A43-9CA2-40F5-888D-257C8FFADC5D}.Release|x86.ActiveCfg = Release|x86
		{6C9F8A43-9CA2-40F5-888D-257C8FFADC5D}.Release|x86.Build.0 = Release|x86
		{6C9F8A43-9CA2-40F5-888D-257C8FFADC5D}.Release|x86.Deploy.0 = Release|x86
		{A9402D17-1A85-4DB0-8388-3647F94317AC}.Debug|Any CPU.ActiveCfg = Debug|Any CPU
		{A9402D17-1A85-4DB0-8388-3647F94317AC}.Debug|Any CPU.Build.0 = Debug|Any CPU
		{A9402D17-1A85-4DB0-8388-3647F94317AC}.Debug|Any CPU.Deploy.0 = Debug|Any CPU
		{A9402D17-1A85-4DB0-8388-3647F94317AC}.Debug|ARM.ActiveCfg = Debug|Any CPU
		{A9402D17-1A85-4DB0-8388-3647F94317AC}.Debug|ARM.Build.0 = Debug|Any CPU
		{A9402D17-1A85-4DB0-8388-3647F94317AC}.Debug|ARM.Deploy.0 = Debug|Any CPU
		{A9402D17-1A85-4DB0-8388-3647F94317AC}.Debug|iPhone.ActiveCfg = Debug|Any CPU
		{A9402D17-1A85-4DB0-8388-3647F94317AC}.Debug|iPhone.Build.0 = Debug|Any CPU
		{A9402D17-1A85-4DB0-8388-3647F94317AC}.Debug|iPhone.Deploy.0 = Debug|Any CPU
		{A9402D17-1A85-4DB0-8388-3647F94317AC}.Debug|iPhoneSimulator.ActiveCfg = Debug|Any CPU
		{A9402D17-1A85-4DB0-8388-3647F94317AC}.Debug|iPhoneSimulator.Build.0 = Debug|Any CPU
		{A9402D17-1A85-4DB0-8388-3647F94317AC}.Debug|iPhoneSimulator.Deploy.0 = Debug|Any CPU
		{A9402D17-1A85-4DB0-8388-3647F94317AC}.Debug|x64.ActiveCfg = Debug|Any CPU
		{A9402D17-1A85-4DB0-8388-3647F94317AC}.Debug|x64.Build.0 = Debug|Any CPU
		{A9402D17-1A85-4DB0-8388-3647F94317AC}.Debug|x64.Deploy.0 = Debug|Any CPU
		{A9402D17-1A85-4DB0-8388-3647F94317AC}.Debug|x86.ActiveCfg = Debug|Any CPU
		{A9402D17-1A85-4DB0-8388-3647F94317AC}.Debug|x86.Build.0 = Debug|Any CPU
		{A9402D17-1A85-4DB0-8388-3647F94317AC}.Debug|x86.Deploy.0 = Debug|Any CPU
		{A9402D17-1A85-4DB0-8388-3647F94317AC}.Release|Any CPU.ActiveCfg = Release|Any CPU
		{A9402D17-1A85-4DB0-8388-3647F94317AC}.Release|Any CPU.Build.0 = Release|Any CPU
		{A9402D17-1A85-4DB0-8388-3647F94317AC}.Release|Any CPU.Deploy.0 = Release|Any CPU
		{A9402D17-1A85-4DB0-8388-3647F94317AC}.Release|ARM.ActiveCfg = Release|Any CPU
		{A9402D17-1A85-4DB0-8388-3647F94317AC}.Release|ARM.Build.0 = Release|Any CPU
		{A9402D17-1A85-4DB0-8388-3647F94317AC}.Release|ARM.Deploy.0 = Release|Any CPU
		{A9402D17-1A85-4DB0-8388-3647F94317AC}.Release|iPhone.ActiveCfg = Release|Any CPU
		{A9402D17-1A85-4DB0-8388-3647F94317AC}.Release|iPhone.Build.0 = Release|Any CPU
		{A9402D17-1A85-4DB0-8388-3647F94317AC}.Release|iPhone.Deploy.0 = Release|Any CPU
		{A9402D17-1A85-4DB0-8388-3647F94317AC}.Release|iPhoneSimulator.ActiveCfg = Release|Any CPU
		{A9402D17-1A85-4DB0-8388-3647F94317AC}.Release|iPhoneSimulator.Build.0 = Release|Any CPU
		{A9402D17-1A85-4DB0-8388-3647F94317AC}.Release|iPhoneSimulator.Deploy.0 = Release|Any CPU
		{A9402D17-1A85-4DB0-8388-3647F94317AC}.Release|x64.ActiveCfg = Release|Any CPU
		{A9402D17-1A85-4DB0-8388-3647F94317AC}.Release|x64.Build.0 = Release|Any CPU
		{A9402D17-1A85-4DB0-8388-3647F94317AC}.Release|x64.Deploy.0 = Release|Any CPU
		{A9402D17-1A85-4DB0-8388-3647F94317AC}.Release|x86.ActiveCfg = Release|Any CPU
		{A9402D17-1A85-4DB0-8388-3647F94317AC}.Release|x86.Build.0 = Release|Any CPU
		{A9402D17-1A85-4DB0-8388-3647F94317AC}.Release|x86.Deploy.0 = Release|Any CPU
		{AA72EB5A-8AD7-4309-8977-C3FD3B1D179B}.Debug|Any CPU.ActiveCfg = Debug|iPhoneSimulator
		{AA72EB5A-8AD7-4309-8977-C3FD3B1D179B}.Debug|Any CPU.Build.0 = Debug|iPhoneSimulator
		{AA72EB5A-8AD7-4309-8977-C3FD3B1D179B}.Debug|Any CPU.Deploy.0 = Debug|iPhoneSimulator
		{AA72EB5A-8AD7-4309-8977-C3FD3B1D179B}.Debug|ARM.ActiveCfg = Debug|iPhoneSimulator
		{AA72EB5A-8AD7-4309-8977-C3FD3B1D179B}.Debug|ARM.Build.0 = Debug|iPhoneSimulator
		{AA72EB5A-8AD7-4309-8977-C3FD3B1D179B}.Debug|ARM.Deploy.0 = Debug|iPhoneSimulator
		{AA72EB5A-8AD7-4309-8977-C3FD3B1D179B}.Debug|iPhone.ActiveCfg = Debug|iPhone
		{AA72EB5A-8AD7-4309-8977-C3FD3B1D179B}.Debug|iPhone.Build.0 = Debug|iPhone
		{AA72EB5A-8AD7-4309-8977-C3FD3B1D179B}.Debug|iPhone.Deploy.0 = Debug|iPhone
		{AA72EB5A-8AD7-4309-8977-C3FD3B1D179B}.Debug|iPhoneSimulator.ActiveCfg = Debug|iPhoneSimulator
		{AA72EB5A-8AD7-4309-8977-C3FD3B1D179B}.Debug|iPhoneSimulator.Build.0 = Debug|iPhoneSimulator
		{AA72EB5A-8AD7-4309-8977-C3FD3B1D179B}.Debug|iPhoneSimulator.Deploy.0 = Debug|iPhoneSimulator
		{AA72EB5A-8AD7-4309-8977-C3FD3B1D179B}.Debug|x64.ActiveCfg = Debug|iPhone
		{AA72EB5A-8AD7-4309-8977-C3FD3B1D179B}.Debug|x64.Build.0 = Debug|iPhone
		{AA72EB5A-8AD7-4309-8977-C3FD3B1D179B}.Debug|x64.Deploy.0 = Debug|iPhone
		{AA72EB5A-8AD7-4309-8977-C3FD3B1D179B}.Debug|x86.ActiveCfg = Debug|iPhoneSimulator
		{AA72EB5A-8AD7-4309-8977-C3FD3B1D179B}.Debug|x86.Build.0 = Debug|iPhoneSimulator
		{AA72EB5A-8AD7-4309-8977-C3FD3B1D179B}.Debug|x86.Deploy.0 = Debug|iPhoneSimulator
		{AA72EB5A-8AD7-4309-8977-C3FD3B1D179B}.Release|Any CPU.ActiveCfg = Release|iPhoneSimulator
		{AA72EB5A-8AD7-4309-8977-C3FD3B1D179B}.Release|Any CPU.Build.0 = Release|iPhoneSimulator
		{AA72EB5A-8AD7-4309-8977-C3FD3B1D179B}.Release|Any CPU.Deploy.0 = Release|iPhoneSimulator
		{AA72EB5A-8AD7-4309-8977-C3FD3B1D179B}.Release|ARM.ActiveCfg = Release|iPhoneSimulator
		{AA72EB5A-8AD7-4309-8977-C3FD3B1D179B}.Release|ARM.Build.0 = Release|iPhoneSimulator
		{AA72EB5A-8AD7-4309-8977-C3FD3B1D179B}.Release|ARM.Deploy.0 = Release|iPhoneSimulator
		{AA72EB5A-8AD7-4309-8977-C3FD3B1D179B}.Release|iPhone.ActiveCfg = Release|iPhone
		{AA72EB5A-8AD7-4309-8977-C3FD3B1D179B}.Release|iPhone.Build.0 = Release|iPhone
		{AA72EB5A-8AD7-4309-8977-C3FD3B1D179B}.Release|iPhone.Deploy.0 = Release|iPhone
		{AA72EB5A-8AD7-4309-8977-C3FD3B1D179B}.Release|iPhoneSimulator.ActiveCfg = Release|iPhoneSimulator
		{AA72EB5A-8AD7-4309-8977-C3FD3B1D179B}.Release|iPhoneSimulator.Build.0 = Release|iPhoneSimulator
		{AA72EB5A-8AD7-4309-8977-C3FD3B1D179B}.Release|iPhoneSimulator.Deploy.0 = Release|iPhoneSimulator
		{AA72EB5A-8AD7-4309-8977-C3FD3B1D179B}.Release|x64.ActiveCfg = Release|iPhoneSimulator
		{AA72EB5A-8AD7-4309-8977-C3FD3B1D179B}.Release|x64.Build.0 = Release|iPhoneSimulator
		{AA72EB5A-8AD7-4309-8977-C3FD3B1D179B}.Release|x64.Deploy.0 = Release|iPhoneSimulator
		{AA72EB5A-8AD7-4309-8977-C3FD3B1D179B}.Release|x86.ActiveCfg = Release|iPhoneSimulator
		{AA72EB5A-8AD7-4309-8977-C3FD3B1D179B}.Release|x86.Build.0 = Release|iPhoneSimulator
		{AA72EB5A-8AD7-4309-8977-C3FD3B1D179B}.Release|x86.Deploy.0 = Release|iPhoneSimulator
		{B6108FE8-DF3C-4C5D-BAD2-707119EE37BC}.Debug|Any CPU.ActiveCfg = Debug|Any CPU
		{B6108FE8-DF3C-4C5D-BAD2-707119EE37BC}.Debug|Any CPU.Build.0 = Debug|Any CPU
		{B6108FE8-DF3C-4C5D-BAD2-707119EE37BC}.Debug|Any CPU.Deploy.0 = Debug|Any CPU
		{B6108FE8-DF3C-4C5D-BAD2-707119EE37BC}.Debug|ARM.ActiveCfg = Debug|Any CPU
		{B6108FE8-DF3C-4C5D-BAD2-707119EE37BC}.Debug|ARM.Build.0 = Debug|Any CPU
		{B6108FE8-DF3C-4C5D-BAD2-707119EE37BC}.Debug|ARM.Deploy.0 = Debug|Any CPU
		{B6108FE8-DF3C-4C5D-BAD2-707119EE37BC}.Debug|iPhone.ActiveCfg = Debug|Any CPU
		{B6108FE8-DF3C-4C5D-BAD2-707119EE37BC}.Debug|iPhone.Build.0 = Debug|Any CPU
		{B6108FE8-DF3C-4C5D-BAD2-707119EE37BC}.Debug|iPhone.Deploy.0 = Debug|Any CPU
		{B6108FE8-DF3C-4C5D-BAD2-707119EE37BC}.Debug|iPhoneSimulator.ActiveCfg = Debug|Any CPU
		{B6108FE8-DF3C-4C5D-BAD2-707119EE37BC}.Debug|iPhoneSimulator.Build.0 = Debug|Any CPU
		{B6108FE8-DF3C-4C5D-BAD2-707119EE37BC}.Debug|iPhoneSimulator.Deploy.0 = Debug|Any CPU
		{B6108FE8-DF3C-4C5D-BAD2-707119EE37BC}.Debug|x64.ActiveCfg = Debug|Any CPU
		{B6108FE8-DF3C-4C5D-BAD2-707119EE37BC}.Debug|x64.Build.0 = Debug|Any CPU
		{B6108FE8-DF3C-4C5D-BAD2-707119EE37BC}.Debug|x64.Deploy.0 = Debug|Any CPU
		{B6108FE8-DF3C-4C5D-BAD2-707119EE37BC}.Debug|x86.ActiveCfg = Debug|Any CPU
		{B6108FE8-DF3C-4C5D-BAD2-707119EE37BC}.Debug|x86.Build.0 = Debug|Any CPU
		{B6108FE8-DF3C-4C5D-BAD2-707119EE37BC}.Debug|x86.Deploy.0 = Debug|Any CPU
		{B6108FE8-DF3C-4C5D-BAD2-707119EE37BC}.Release|Any CPU.ActiveCfg = Release|Any CPU
		{B6108FE8-DF3C-4C5D-BAD2-707119EE37BC}.Release|Any CPU.Build.0 = Release|Any CPU
		{B6108FE8-DF3C-4C5D-BAD2-707119EE37BC}.Release|Any CPU.Deploy.0 = Release|Any CPU
		{B6108FE8-DF3C-4C5D-BAD2-707119EE37BC}.Release|ARM.ActiveCfg = Release|Any CPU
		{B6108FE8-DF3C-4C5D-BAD2-707119EE37BC}.Release|ARM.Build.0 = Release|Any CPU
		{B6108FE8-DF3C-4C5D-BAD2-707119EE37BC}.Release|ARM.Deploy.0 = Release|Any CPU
		{B6108FE8-DF3C-4C5D-BAD2-707119EE37BC}.Release|iPhone.ActiveCfg = Release|Any CPU
		{B6108FE8-DF3C-4C5D-BAD2-707119EE37BC}.Release|iPhone.Build.0 = Release|Any CPU
		{B6108FE8-DF3C-4C5D-BAD2-707119EE37BC}.Release|iPhone.Deploy.0 = Release|Any CPU
		{B6108FE8-DF3C-4C5D-BAD2-707119EE37BC}.Release|iPhoneSimulator.ActiveCfg = Release|Any CPU
		{B6108FE8-DF3C-4C5D-BAD2-707119EE37BC}.Release|iPhoneSimulator.Build.0 = Release|Any CPU
		{B6108FE8-DF3C-4C5D-BAD2-707119EE37BC}.Release|iPhoneSimulator.Deploy.0 = Release|Any CPU
		{B6108FE8-DF3C-4C5D-BAD2-707119EE37BC}.Release|x64.ActiveCfg = Release|Any CPU
		{B6108FE8-DF3C-4C5D-BAD2-707119EE37BC}.Release|x64.Build.0 = Release|Any CPU
		{B6108FE8-DF3C-4C5D-BAD2-707119EE37BC}.Release|x64.Deploy.0 = Release|Any CPU
		{B6108FE8-DF3C-4C5D-BAD2-707119EE37BC}.Release|x86.ActiveCfg = Release|Any CPU
		{B6108FE8-DF3C-4C5D-BAD2-707119EE37BC}.Release|x86.Build.0 = Release|Any CPU
		{B6108FE8-DF3C-4C5D-BAD2-707119EE37BC}.Release|x86.Deploy.0 = Release|Any CPU
	EndGlobalSection
	GlobalSection(SolutionProperties) = preSolution
		HideSolutionNode = FALSE
	EndGlobalSection
	GlobalSection(ExtensibilityGlobals) = postSolution
		SolutionGuid = {4E34C26D-6A31-48A5-BAD4-89AC1F7287F4}
	EndGlobalSection
EndGlobal
